# THIS IS AN AUTOGENERATED FILE. DO NOT EDIT THIS FILE DIRECTLY.
# yarn lockfile v1


bignumber.js@~1.1.1:
  version "1.1.1"
  resolved "https://registry.yarnpkg.com/bignumber.js/-/bignumber.js-1.1.1.tgz#1a415d9ac014c13256af1feed9d1a3e5717a8cf7"
  integrity sha1-GkFdmsAUwTJWrx/u2dGj5XF6jPc=

json-bigint@^0.1.4:
  version "0.1.4"
  resolved "https://registry.yarnpkg.com/json-bigint/-/json-bigint-0.1.4.tgz#b5d40b8a9009e92f157f7c079db097001830e01e"
  integrity sha1-tdQLipAJ6S8Vf3wHnbCXABgw4B4=
  dependencies:
    bignumber.js "~1.1.1"

shopify-node-api@^1.11.1:
  version "1.11.1"
  resolved "https://registry.yarnpkg.com/shopify-node-api/-/shopify-node-api-1.11.1.tgz#b393a994e1a15a860a31b8115d65bd0d891a498b"
  integrity sha512-/lp9agxT58Ki92OAfGprtfuR/GB2Jo47+oYrVx2LACzSN1MeuXief9Izr1Pq2OhaUbJdh5dJ2ekJtf54Vg6eVg==
  dependencies:
    json-bigint "^0.1.4"
